
Microsoft Visual Studio Solution File, Format Version 12.00
# Visual Studio Version 17
VisualStudioVersion = 17.10.35027.167
MinimumVisualStudioVersion = 10.0.40219.1
Project("{FAE04EC0-301F-11D3-BF4B-00C04F79EFBC}") = "GoldHelpers", "GoldHelpers.csproj", "{069513AB-7C0D-4645-BA8C-B5837EE06199}"
EndProject
Global
	GlobalSection(SolutionConfigurationPlatforms) = preSolution
		Debug|Any CPU = Debug|Any CPU
		Release|Any CPU = Release|Any CPU
	EndGlobalSection
	GlobalSection(ProjectConfigurationPlatforms) = postSolution
		{069513AB-7C0D-4645-BA8C-B5837EE06199}.Debug|Any CPU.ActiveCfg = Debug|Any CPU
		{069513AB-7C0D-4645-BA8C-B5837EE06199}.Debug|Any CPU.Build.0 = Debug|Any CPU
		{069513AB-7C0D-4645-BA8C-B5837EE06199}.Release|Any CPU.ActiveCfg = Release|Any CPU
		{069513AB-7C0D-4645-BA8C-B5837EE06199}.Release|Any CPU.Build.0 = Release|Any CPU
	EndGlobalSection
	GlobalSection(SolutionProperties) = preSolution
		HideSolutionNode = FALSE
	EndGlobalSection
	GlobalSection(ExtensibilityGlobals) = postSolution
		SolutionGuid = {29208BF7-3E49-44C3-BF1B-7863D916DDCA}
	EndGlobalSection
EndGlobal
